
Microsoft Visual Studio Solution File, Format Version 12.00
# Visual Studio 14
VisualStudioVersion = 14.0.23107.0
MinimumVisualStudioVersion = 10.0.40219.1
Project("{FAE04EC0-301F-11D3-BF4B-00C04F79EFBC}") = "VOffice.WEB", "VOffice.WEB\VOffice.WEB.csproj", "{660204E3-4EE6-4CAE-8BDC-FAE4563563C3}"
EndProject
Global
	GlobalSection(SolutionConfigurationPlatforms) = preSolution
		Debug|Any CPU = Debug|Any CPU
		Release|Any CPU = Release|Any CPU
	EndGlobalSection
	GlobalSection(ProjectConfigurationPlatforms) = postSolution
		{660204E3-4EE6-4CAE-8BDC-FAE4563563C3}.Debug|Any CPU.ActiveCfg = Debug|Any CPU
		{660204E3-4EE6-4CAE-8BDC-FAE4563563C3}.Debug|Any CPU.Build.0 = Debug|Any CPU
		{660204E3-4EE6-4CAE-8BDC-FAE4563563C3}.Release|Any CPU.ActiveCfg = Release|Any CPU
		{660204E3-4EE6-4CAE-8BDC-FAE4563563C3}.Release|Any CPU.Build.0 = Release|Any CPU
	EndGlobalSection
	GlobalSection(SolutionProperties) = preSolution
		HideSolutionNode = FALSE
	EndGlobalSection
	GlobalSection(TeamFoundationVersionControl) = preSolution
		SccNumberOfProjects = 2
		SccEnterpriseProvider = {4CA58AB2-18FA-4F8D-95D4-32DDF27D184C}
		SccTeamFoundationServer = https://duongthinhit.visualstudio.com/
		SccLocalPath0 = .
		SccProjectUniqueName1 = VOffice.WEB\\VOffice.WEB.csproj
		SccProjectName1 = VOffice.WEB
		SccLocalPath1 = VOffice.WEB
	EndGlobalSection
EndGlobal
